// !$*UTF8*$!
{
	archiveVersion = 1;
	classes = {
	};
	objectVersion = 50;
	objects = {

/* Begin PBXBuildFile section */
		F526AA4F20B78DBE00294125 /* AppDelegate.swift in Sources */ = {isa = PBXBuildFile; fileRef = F526AA4E20B78DBE00294125 /* AppDelegate.swift */; };
		F526AA5120B78DBE00294125 /* ViewController.swift in Sources */ = {isa = PBXBuildFile; fileRef = F526AA5020B78DBE00294125 /* ViewController.swift */; };
		F526AA5420B78DBE00294125 /* Main.storyboard in Resources */ = {isa = PBXBuildFile; fileRef = F526AA5220B78DBE00294125 /* Main.storyboard */; };
		F526AA5720B78DBE00294125 /* NewProfile.xcdatamodeld in Sources */ = {isa = PBXBuildFile; fileRef = F526AA5520B78DBE00294125 /* NewProfile.xcdatamodeld */; };
		F526AA5920B78DBF00294125 /* Assets.xcassets in Resources */ = {isa = PBXBuildFile; fileRef = F526AA5820B78DBF00294125 /* Assets.xcassets */; };
		F526AA5C20B78DBF00294125 /* LaunchScreen.storyboard in Resources */ = {isa = PBXBuildFile; fileRef = F526AA5A20B78DBF00294125 /* LaunchScreen.storyboard */; };
/* End PBXBuildFile section */

/* Begin PBXFileReference section */
		F526AA4B20B78DBE00294125 /* NewProfile.app */ = {isa = PBXFileReference; explicitFileType = wrapper.application; includeInIndex = 0; path = NewProfile.app; sourceTree = BUILT_PRODUCTS_DIR; };
		F526AA4E20B78DBE00294125 /* AppDelegate.swift */ = {isa = PBXFileReference; lastKnownFileType = sourcecode.swift; path = AppDelegate.swift; sourceTree = "<group>"; };
		F526AA5020B78DBE00294125 /* ViewController.swift */ = {isa = PBXFileReference; lastKnownFileType = sourcecode.swift; path = ViewController.swift; sourceTree = "<group>"; };
		F526AA5320B78DBE00294125 /* Base */ = {isa = PBXFileReference; lastKnownFileType = file.storyboard; name = Base; path = Base.lproj/Main.storyboard; sourceTree = "<group>"; };
		F526AA5620B78DBE00294125 /* NewProfile.xcdatamodel */ = {isa = PBXFileReference; lastKnownFileType = wrapper.xcdatamodel; path = NewProfile.xcdatamodel; sourceTree = "<group>"; };
		F526AA5820B78DBF00294125 /* Assets.xcassets */ = {isa = PBXFileReference; lastKnownFileType = folder.assetcatalog; path = Assets.xcassets; sourceTree = "<group>"; };
		F526AA5B20B78DBF00294125 /* Base */ = {isa = PBXFileReference; lastKnownFileType = file.storyboard; name = Base; path = Base.lproj/LaunchScreen.storyboard; sourceTree = "<group>"; };
		F526AA5D20B78DBF00294125 /* Info.plist */ = {isa = PBXFileReference; lastKnownFileType = text.plist.xml; path = Info.plist; sourceTree = "<group>"; };
/* End PBXFileReference section */

/* Begin PBXFrameworksBuildPhase section */
		F526AA4820B78DBE00294125 /* Frameworks */ = {
			isa = PBXFrameworksBuildPhase;
			buildActionMask = 2147483647;
			files = (
			);
			runOnlyForDeploymentPostprocessing = 0;
		};
/* End PBXFrameworksBuildPhase section */

/* Begin PBXGroup section */
		F526AA4220B78DBE00294125 = {
			isa = PBXGroup;
			children = (
				F526AA4D20B78DBE00294125 /* NewProfile */,
				F526AA4C20B78DBE00294125 /* Products */,
			);
			sourceTree = "<group>";
		};
		F526AA4C20B78DBE00294125 /* Products */ = {
			isa = PBXGroup;
			children = (
				F526AA4B20B78DBE00294125 /* NewProfile.app */,
			);
			name = Products;
			sourceTree = "<group>";
		};
		F526AA4D20B78DBE00294125 /* NewProfile */ = {
			isa = PBXGroup;
			children = (
				F526AA4E20B78DBE00294125 /* AppDelegate.swift */,
				F526AA5020B78DBE00294125 /* ViewController.swift */,
				F526AA5220B78DBE00294125 /* Main.storyboard */,
				F526AA5820B78DBF00294125 /* Assets.xcassets */,
				F526AA5A20B78DBF00294125 /* LaunchScreen.storyboard */,
				F526AA5D20B78DBF00294125 /* Info.plist */,
				F526AA5520B78DBE00294125 /* NewProfile.xcdatamodeld */,
			);
			path = NewProfile;
			sourceTree = "<group>";
		};
/* End PBXGroup section */

/* Begin PBXNativeTarget section */
		F526AA4A20B78DBE00294125 /* NewProfile */ = {
			isa = PBXNativeTarget;
			buildConfigurationList = F526AA6020B78DBF00294125 /* Build configuration list for PBXNativeTarget "NewProfile" */;
			buildPhases = (
				F526AA4720B78DBE00294125 /* Sources */,
				F526AA4820B78DBE00294125 /* Frameworks */,
				F526AA4920B78DBE00294125 /* Resources */,
			);
			buildRules = (
			);
			dependencies = (
			);
			name = NewProfile;
			productName = NewProfile;
			productReference = F526AA4B20B78DBE00294125 /* NewProfile.app */;
			productType = "com.apple.product-type.application";
		};
/* End PBXNativeTarget section */

/* Begin PBXProject section */
		F526AA4320B78DBE00294125 /* Project object */ = {
			isa = PBXProject;
			attributes = {
				LastSwiftUpdateCheck = 0930;
				LastUpgradeCheck = 0930;
				ORGANIZATIONNAME = "David Para";
				TargetAttributes = {
					F526AA4A20B78DBE00294125 = {
						CreatedOnToolsVersion = 9.3.1;
					};
				};
			};
			buildConfigurationList = F526AA4620B78DBE00294125 /* Build configuration list for PBXProject "NewProfile" */;
			compatibilityVersion = "Xcode 9.3";
			developmentRegion = en;
			hasScannedForEncodings = 0;
			knownRegions = (
				en,
				Base,
			);
			mainGroup = F526AA4220B78DBE00294125;
			productRefGroup = F526AA4C20B78DBE00294125 /* Products */;
			projectDirPath = "";
			projectRoot = "";
			targets = (
				F526AA4A20B78DBE00294125 /* NewProfile */,
			);
		};
/* End PBXProject section */

/* Begin PBXResourcesBuildPhase section */
		F526AA4920B78DBE00294125 /* Resources */ = {
			isa = PBXResourcesBuildPhase;
			buildActionMask = 2147483647;
			files = (
				F526AA5C20B78DBF00294125 /* LaunchScreen.storyboard in Resources */,
				F526AA5920B78DBF00294125 /* Assets.xcassets in Resources */,
				F526AA5420B78DBE00294125 /* Main.storyboard in Resources */,
			);
			runOnlyForDeploymentPostprocessing = 0;
		};
/* End PBXResourcesBuildPhase section */

/* Begin PBXSourcesBuildPhase section */
		F526AA4720B78DBE00294125 /* Sources */ = {
			isa = PBXSourcesBuildPhase;
			buildActionMask = 2147483647;
			files = (
				F526AA5120B78DBE00294125 /* ViewController.swift in Sources */,
				F526AA5720B78DBE00294125 /* NewProfile.xcdatamodeld in Sources */,
				F526AA4F20B78DBE00294125 /* AppDelegate.swift in Sources */,
			);
			runOnlyForDeploymentPostprocessing = 0;
		};
/* End PBXSourcesBuildPhase section */

/* Begin PBXVariantGroup section */
		F526AA5220B78DBE00294125 /* Main.storyboard */ = {
			isa = PBXVariantGroup;
			children = (
				F526AA5320B78DBE00294125 /* Base */,
			);
			name = Main.storyboard;
			sourceTree = "<group>";
		};
		F526AA5A20B78DBF00294125 /* LaunchScreen.storyboard */ = {
			isa = PBXVariantGroup;
			children = (
				F526AA5B20B78DBF00294125 /* Base */,
			);
			name = LaunchScreen.storyboard;
			sourceTree = "<group>";
		};
/* End PBXVariantGroup section */

/* Begin XCBuildConfiguration section */
		F526AA5E20B78DBF00294125 /* Debug */ = {
			isa = XCBuildConfiguration;
			buildSettings = {
				ALWAYS_SEARCH_USER_PATHS = NO;
				CLANG_ANALYZER_NONNULL = YES;
				CLANG_ANALYZER_NUMBER_OBJECT_CONVERSION = YES_AGGRESSIVE;
				CLANG_CXX_LANGUAGE_STANDARD = "gnu++14";
				CLANG_CXX_LIBRARY = "libc++";
				CLANG_ENABLE_MODULES = YES;
				CLANG_ENABLE_OBJC_ARC = YES;
				CLANG_ENABLE_OBJC_WEAK = YES;
				CLANG_WARN_BLOCK_CAPTURE_AUTORELEASING = YES;
				CLANG_WARN_BOOL_CONVERSION = YES;
				CLANG_WARN_COMMA = YES;
				CLANG_WARN_CONSTANT_CONVERSION = YES;
				CLANG_WARN_DEPRECATED_OBJC_IMPLEMENTATIONS = YES;
				CLANG_WARN_DIRECT_OBJC_ISA_USAGE = YES_ERROR;
				CLANG_WARN_DOCUMENTATION_COMMENTS = YES;
				CLANG_WARN_EMPTY_BODY = YES;
				CLANG_WARN_ENUM_CONVERSION = YES;
				CLANG_WARN_INFINITE_RECURSION = YES;
				CLANG_WARN_INT_CONVERSION = YES;
				CLANG_WARN_NON_LITERAL_NULL_CONVERSION = YES;
				CLANG_WARN_OBJC_IMPLICIT_RETAIN_SELF = YES;
				CLANG_WARN_OBJC_LITERAL_CONVERSION = YES;
				CLANG_WARN_OBJC_ROOT_CLASS = YES_ERROR;
				CLANG_WARN_RANGE_LOOP_ANALYSIS = YES;
				CLANG_WARN_STRICT_PROTOTYPES = YES;
				CLANG_WARN_SUSPICIOUS_MOVE = YES;
				CLANG_WARN_UNGUARDED_AVAILABILITY = YES_AGGRESSIVE;
				CLANG_WARN_UNREACHABLE_CODE = YES;
				CLANG_WARN__DUPLICATE_METHOD_MATCH = YES;
				CODE_SIGN_IDENTITY = "iPhone Developer";
				COPY_PHASE_STRIP = NO;
				DEBUG_INFORMATION_FORMAT = dwarf;
				ENABLE_STRICT_OBJC_MSGSEND = YES;
				ENABLE_TESTABILITY = YES;
				GCC_C_LANGUAGE_STANDARD = gnu11;
				GCC_DYNAMIC_NO_PIC = NO;
				GCC_NO_COMMON_BLOCKS = YES;
				GCC_OPTIMIZATION_LEVEL = 0;
				GCC_PREPROCESSOR_DEFINITIONS = (
					"DEBUG=1",
					"$(inherited)",
				);
				GCC_WARN_64_TO_32_BIT_CONVERSION = YES;
				GCC_WARN_ABOUT_RETURN_TYPE = YES_ERROR;
				GCC_WARN_UNDECLARED_SELECTOR = YES;
				GCC_WARN_UNINITIALIZED_AUTOS = YES_AGGRESSIVE;
				GCC_WARN_UNUSED_FUNCTION = YES;
				GCC_WARN_UNUSED_VARIABLE = YES;
				IPHONEOS_DEPLOYMENT_TARGET = 11.3;
				MTL_ENABLE_DEBUG_INFO = YES;
				ONLY_ACTIVE_ARCH = YES;
				SDKROOT = iphoneos;
				SWIFT_ACTIVE_COMPILATION_CONDITIONS = DEBUG;
				SWIFT_OPTIMIZATION_LEVEL = "-Onone";
			};
			name = Debug;
		};
		F526AA5F20B78DBF00294125 /* Release */ = {
			isa = XCBuildConfiguration;
			buildSettings = {
				ALWAYS_SEARCH_USER_PATHS = NO;
				CLANG_ANALYZER_NONNULL = YES;
				CLANG_ANALYZER_NUMBER_OBJECT_CONVERSION = YES_AGGRESSIVE;
				CLANG_CXX_LANGUAGE_STANDARD = "gnu++14";
				CLANG_CXX_LIBRARY = "libc++";
				CLANG_ENABLE_MODULES = YES;
				CLANG_ENABLE_OBJC_ARC = YES;
				CLANG_ENABLE_OBJC_WEAK = YES;
				CLANG_WARN_BLOCK_CAPTURE_AUTORELEASING = YES;
				CLANG_WARN_BOOL_CONVERSION = YES;
				CLANG_WARN_COMMA = YES;
				CLANG_WARN_CONSTANT_CONVERSION = YES;
				CLANG_WARN_DEPRECATED_OBJC_IMPLEMENTATIONS = YES;
				CLANG_WARN_DIRECT_OBJC_ISA_USAGE = YES_ERROR;
				CLANG_WARN_DOCUMENTATION_COMMENTS = YES;
				CLANG_WARN_EMPTY_BODY = YES;
				CLANG_WARN_ENUM_CONVERSION = YES;
				CLANG_WARN_INFINITE_RECURSION = YES;
				CLANG_WARN_INT_CONVERSION = YES;
				CLANG_WARN_NON_LITERAL_NULL_CONVERSION = YES;
				CLANG_WARN_OBJC_IMPLICIT_RETAIN_SELF = YES;
				CLANG_WARN_OBJC_LITERAL_CONVERSION = YES;
				CLANG_WARN_OBJC_ROOT_CLASS = YES_ERROR;
				CLANG_WARN_RANGE_LOOP_ANALYSIS = YES;
				CLANG_WARN_STRICT_PROTOTYPES = YES;
				CLANG_WARN_SUSPICIOUS_MOVE = YES;
				CLANG_WARN_UNGUARDED_AVAILABILITY = YES_AGGRESSIVE;
				CLANG_WARN_UNREACHABLE_CODE = YES;
				CLANG_WARN__DUPLICATE_METHOD_MATCH = YES;
				CODE_SIGN_IDENTITY = "iPhone Developer";
				COPY_PHASE_STRIP = NO;
				DEBUG_INFORMATION_FORMAT = "dwarf-with-dsym";
				ENABLE_NS_ASSERTIONS = NO;
				ENABLE_STRICT_OBJC_MSGSEND = YES;
				GCC_C_LANGUAGE_STANDARD = gnu11;
				GCC_NO_COMMON_BLOCKS = YES;
				GCC_WARN_64_TO_32_BIT_CONVERSION = YES;
				GCC_WARN_ABOUT_RETURN_TYPE = YES_ERROR;
				GCC_WARN_UNDECLARED_SELECTOR = YES;
				GCC_WARN_UNINITIALIZED_AUTOS = YES_AGGRESSIVE;
				GCC_WARN_UNUSED_FUNCTION = YES;
				GCC_WARN_UNUSED_VARIABLE = YES;
				IPHONEOS_DEPLOYMENT_TARGET = 11.3;
				MTL_ENABLE_DEBUG_INFO = NO;
				SDKROOT = iphoneos;
				SWIFT_COMPILATION_MODE = wholemodule;
				SWIFT_OPTIMIZATION_LEVEL = "-O";
				VALIDATE_PRODUCT = YES;
			};
			name = Release;
		};
		F526AA6120B78DBF00294125 /* Debug */ = {
			isa = XCBuildConfiguration;
			buildSettings = {
				ASSETCATALOG_COMPILER_APPICON_NAME = AppIcon;
				CODE_SIGN_STYLE = Automatic;
				DEVELOPMENT_TEAM = ETY6J7XEJ7;
				INFOPLIST_FILE = NewProfile/Info.plist;
				LD_RUNPATH_SEARCH_PATHS = (
					"$(inherited)",
					"@executable_path/Frameworks",
				);
				PRODUCT_BUNDLE_IDENTIFIER = com.MadHat.NewProfile;
				PRODUCT_NAME = "$(TARGET_NAME)";
				SWIFT_VERSION = 4.0;
				TARGETED_DEVICE_FAMILY = "1,2";
			};
			name = Debug;
		};
		F526AA6220B78DBF00294125 /* Release */ = {
			isa = XCBuildConfiguration;
			buildSettings = {
				ASSETCATALOG_COMPILER_APPICON_NAME = AppIcon;
				CODE_SIGN_STYLE = Automatic;
				DEVELOPMENT_TEAM = ETY6J7XEJ7;
				INFOPLIST_FILE = NewProfile/Info.plist;
				LD_RUNPATH_SEARCH_PATHS = (
					"$(inherited)",
					"@executable_path/Frameworks",
				);
				PRODUCT_BUNDLE_IDENTIFIER = com.MadHat.NewProfile;
				PRODUCT_NAME = "$(TARGET_NAME)";
				SWIFT_VERSION = 4.0;
				TARGETED_DEVICE_FAMILY = "1,2";
			};
			name = Release;
		};
/* End XCBuildConfiguration section */

/* Begin XCConfigurationList section */
		F526AA4620B78DBE00294125 /* Build configuration list for PBXProject "NewProfile" */ = {
			isa = XCConfigurationList;
			buildConfigurations = (
				F526AA5E20B78DBF00294125 /* Debug */,
				F526AA5F20B78DBF00294125 /* Release */,
			);
			defaultConfigurationIsVisible = 0;
			defaultConfigurationName = Release;
		};
		F526AA6020B78DBF00294125 /* Build configuration list for PBXNativeTarget "NewProfile" */ = {
			isa = XCConfigurationList;
			buildConfigurations = (
				F526AA6120B78DBF00294125 /* Debug */,
				F526AA6220B78DBF00294125 /* Release */,
			);
			defaultConfigurationIsVisible = 0;
			defaultConfigurationName = Release;
		};
/* End XCConfigurationList section */

/* Begin XCVersionGroup section */
		F526AA5520B78DBE00294125 /* NewProfile.xcdatamodeld */ = {
			isa = XCVersionGroup;
			children = (
				F526AA5620B78DBE00294125 /* NewProfile.xcdatamodel */,
			);
			currentVersion = F526AA5620B78DBE00294125 /* NewProfile.xcdatamodel */;
			path = NewProfile.xcdatamodeld;
			sourceTree = "<group>";
			versionGroupType = wrapper.xcdatamodel;
		};
/* End XCVersionGroup section */
	};
	rootObject = F526AA4320B78DBE00294125 /* Project object */;
}
